
Microsoft Visual Studio Solution File, Format Version 12.00
# Visual Studio Version 17
VisualStudioVersion = 17.3.32922.545
MinimumVisualStudioVersion = 10.0.40219.1
Project("{9A19103F-16F7-4668-BE54-9A1E7A4F7556}") = "vkBot", "vkBot\vkBot.csproj", "{C57D46B6-05EE-4F02-8116-43D35D7122CC}"
EndProject
Project("{9A19103F-16F7-4668-BE54-9A1E7A4F7556}") = "EventsLogic", "EventsLogic\EventsLogic.csproj", "{D20007D4-7848-4EA5-90D6-76EB2F9F7D30}"
EndProject
Project("{00D1A9C2-B5F0-4AF3-8072-F6C62B433612}") = "Database", "Database\Database.sqlproj", "{FA971E84-36E9-4AB7-B46A-D88A4703164E}"
EndProject
Global
	GlobalSection(SolutionConfigurationPlatforms) = preSolution
		Debug|Any CPU = Debug|Any CPU
		Release|Any CPU = Release|Any CPU
	EndGlobalSection
	GlobalSection(ProjectConfigurationPlatforms) = postSolution
		{C57D46B6-05EE-4F02-8116-43D35D7122CC}.Debug|Any CPU.ActiveCfg = Debug|Any CPU
		{C57D46B6-05EE-4F02-8116-43D35D7122CC}.Debug|Any CPU.Build.0 = Debug|Any CPU
		{C57D46B6-05EE-4F02-8116-43D35D7122CC}.Release|Any CPU.ActiveCfg = Release|Any CPU
		{C57D46B6-05EE-4F02-8116-43D35D7122CC}.Release|Any CPU.Build.0 = Release|Any CPU
		{D20007D4-7848-4EA5-90D6-76EB2F9F7D30}.Debug|Any CPU.ActiveCfg = Debug|Any CPU
		{D20007D4-7848-4EA5-90D6-76EB2F9F7D30}.Debug|Any CPU.Build.0 = Debug|Any CPU
		{D20007D4-7848-4EA5-90D6-76EB2F9F7D30}.Release|Any CPU.ActiveCfg = Release|Any CPU
		{D20007D4-7848-4EA5-90D6-76EB2F9F7D30}.Release|Any CPU.Build.0 = Release|Any CPU
		{FA971E84-36E9-4AB7-B46A-D88A4703164E}.Debug|Any CPU.ActiveCfg = Debug|Any CPU
		{FA971E84-36E9-4AB7-B46A-D88A4703164E}.Debug|Any CPU.Build.0 = Debug|Any CPU
		{FA971E84-36E9-4AB7-B46A-D88A4703164E}.Debug|Any CPU.Deploy.0 = Debug|Any CPU
		{FA971E84-36E9-4AB7-B46A-D88A4703164E}.Release|Any CPU.ActiveCfg = Release|Any CPU
		{FA971E84-36E9-4AB7-B46A-D88A4703164E}.Release|Any CPU.Build.0 = Release|Any CPU
		{FA971E84-36E9-4AB7-B46A-D88A4703164E}.Release|Any CPU.Deploy.0 = Release|Any CPU
	EndGlobalSection
	GlobalSection(SolutionProperties) = preSolution
		HideSolutionNode = FALSE
	EndGlobalSection
	GlobalSection(ExtensibilityGlobals) = postSolution
		SolutionGuid = {56E62708-8399-482E-952C-C7EE716ADA8E}
	EndGlobalSection
EndGlobal
